{
    "_meta": {
        "hash": {
            "sha256": "7b9182706ddc4bd3541b95a1dae2bec16e9ef62e1a0ef1dd9b7b1b06590e15b4"
        },
        "pipfile-spec": 6,
        "requires": {
            "python_version": "3.8"
        },
        "sources": [
            {
                "name": "pypi",
                "url": "https://pypi.python.org/simple",
                "verify_ssl": true
            }
        ]
    },
    "default": {
        "aniso8601": {
            "hashes": [
                "sha256:513d2b6637b7853806ae79ffaca6f3e8754bdd547048f5ccc1420aec4b714f1e",
                "sha256:d10a4bf949f619f719b227ef5386e31f49a2b6d453004b21f02661ccc8670c7b"
            ],
            "version": "==7.0.0"
        },
        "graphene": {
            "hashes": [
                "sha256:09165f03e1591b76bf57b133482db9be6dac72c74b0a628d3c93182af9c5a896",
                "sha256:2cbe6d4ef15cfc7b7805e0760a0e5b80747161ce1b0f990dfdc0d2cf497c12f9"
            ],
            "index": "pypi",
            "version": "==2.1.8"
        },
        "graphql-core": {
            "hashes": [
                "sha256:44c9bac4514e5e30c5a595fac8e3c76c1975cae14db215e8174c7fe995825bad",
                "sha256:aac46a9ac524c9855910c14c48fc5d60474def7f99fd10245e76608eba7af746"
            ],
            "version": "==2.3.2"
        },
        "graphql-relay": {
            "hashes": [
                "sha256:870b6b5304123a38a0b215a79eace021acce5a466bf40cd39fa18cb8528afabb",
                "sha256:ac514cb86db9a43014d7e73511d521137ac12cf0101b2eaa5f0a3da2e10d913d"
            ],
            "version": "==2.0.1"
        },
        "promise": {
            "hashes": [
                "sha256:dfd18337c523ba4b6a58801c164c1904a9d4d1b1747c7d5dbf45b693a49d93d0"
            ],
            "version": "==2.3"
        },
        "rx": {
            "hashes": [
                "sha256:13a1d8d9e252625c173dc795471e614eadfe1cf40ffc684e08b8fff0d9748c23",
                "sha256:7357592bc7e881a95e0c2013b73326f704953301ab551fbc8133a6fadab84105"
            ],
            "version": "==1.6.1"
        },
        "six": {
            "hashes": [
                "sha256:30639c035cdb23534cd4aa2dd52c3bf48f06e5f4a941509c8bafd8ce11080259",
                "sha256:8b74bedcbbbaca38ff6d7491d76f2b06b3592611af620f8426e82dddb04a5ced"
            ],
            "version": "==1.15.0"
        }
    },
    "develop": {}
}
